// !$*UTF8*$!
{
	archiveVersion = 1;
	classes = {
	};
	objectVersion = 56;
	objects = {

/* Begin PBXBuildFile section */
		5B4A1C6D29CCAC4900EA09A4 /* Persistence.swift in Sources */ = {isa = PBXBuildFile; fileRef = 5B4A1C6C29CCAC4900EA09A4 /* Persistence.swift */; };
		5B4A1C6F29D57E0100EA09A4 /* AlertCheckOnEmpty.swift in Sources */ = {isa = PBXBuildFile; fileRef = 5B4A1C6E29D57E0100EA09A4 /* AlertCheckOnEmpty.swift */; };
		5B52EEAF29374EEE00E89787 /* ViewTotalProfit.swift in Sources */ = {isa = PBXBuildFile; fileRef = 5B52EEAE29374EEE00E89787 /* ViewTotalProfit.swift */; };
		5B52EEB12937511B00E89787 /* BaseView.swift in Sources */ = {isa = PBXBuildFile; fileRef = 5B52EEB02937511B00E89787 /* BaseView.swift */; };
		5B5F51A3293F2C7F006DD6C1 /* UIButton + Ext.swift in Sources */ = {isa = PBXBuildFile; fileRef = 5B5F51A2293F2C7F006DD6C1 /* UIButton + Ext.swift */; };
		5B7F8A532975A736005A5605 /* AlertDate.swift in Sources */ = {isa = PBXBuildFile; fileRef = 5B7F8A522975A736005A5605 /* AlertDate.swift */; };
		5B7F8A5C297EB876005A5605 /* ViewTotlaProffitSaveCell.swift in Sources */ = {isa = PBXBuildFile; fileRef = 5B7F8A5B297EB876005A5605 /* ViewTotlaProffitSaveCell.swift */; };
		5B7F8A63298121EF005A5605 /* ProductEntity+CoreDataClass.swift in Sources */ = {isa = PBXBuildFile; fileRef = 5B7F8A61298121EF005A5605 /* ProductEntity+CoreDataClass.swift */; };
		5B7F8A64298121EF005A5605 /* ProductEntity+CoreDataProperties.swift in Sources */ = {isa = PBXBuildFile; fileRef = 5B7F8A62298121EF005A5605 /* ProductEntity+CoreDataProperties.swift */; };
		5B7F8A662983BF15005A5605 /* UIimage + ext.swift in Sources */ = {isa = PBXBuildFile; fileRef = 5B7F8A652983BF15005A5605 /* UIimage + ext.swift */; };
		5B7F8A692983C0BE005A5605 /* AllMonthViewController.swift in Sources */ = {isa = PBXBuildFile; fileRef = 5B7F8A682983C0BE005A5605 /* AllMonthViewController.swift */; };
		5B7F8A6C2983C297005A5605 /* MonthTableViewCell.swift in Sources */ = {isa = PBXBuildFile; fileRef = 5B7F8A6B2983C297005A5605 /* MonthTableViewCell.swift */; };
		5B7F8A6F2988FA07005A5605 /* ChartAndAllData.swift in Sources */ = {isa = PBXBuildFile; fileRef = 5B7F8A6E2988FA07005A5605 /* ChartAndAllData.swift */; };
		5B7F8A712999F724005A5605 /* AlertSaveNewMonth.swift in Sources */ = {isa = PBXBuildFile; fileRef = 5B7F8A702999F724005A5605 /* AlertSaveNewMonth.swift */; };
		5B7F8A7429A7C9D0005A5605 /* ModelOverview+CoreDataClass.swift in Sources */ = {isa = PBXBuildFile; fileRef = 5B7F8A7229A7C9D0005A5605 /* ModelOverview+CoreDataClass.swift */; };
		5B7F8A7529A7C9D0005A5605 /* ModelOverview+CoreDataProperties.swift in Sources */ = {isa = PBXBuildFile; fileRef = 5B7F8A7329A7C9D0005A5605 /* ModelOverview+CoreDataProperties.swift */; };
		5B7F8A7829AA9CCF005A5605 /* CurrentDate+CoreDataClass.swift in Sources */ = {isa = PBXBuildFile; fileRef = 5B7F8A7629AA9CCF005A5605 /* CurrentDate+CoreDataClass.swift */; };
		5B7F8A7929AA9CCF005A5605 /* CurrentDate+CoreDataProperties.swift in Sources */ = {isa = PBXBuildFile; fileRef = 5B7F8A7729AA9CCF005A5605 /* CurrentDate+CoreDataProperties.swift */; };
		5B8BC4A229CB813B00D46EE2 /* SwiftUIView.swift in Sources */ = {isa = PBXBuildFile; fileRef = 5B8BC4A129CB813B00D46EE2 /* SwiftUIView.swift */; };
		5B8E94EB292D5BAD00E0EB49 /* TableViewCell.swift in Sources */ = {isa = PBXBuildFile; fileRef = 5B8E94EA292D5BAD00E0EB49 /* TableViewCell.swift */; };
		5B8E94ED292E117500E0EB49 /* DetailVC.swift in Sources */ = {isa = PBXBuildFile; fileRef = 5B8E94EC292E117500E0EB49 /* DetailVC.swift */; };
		5BB2EC242971E94A002A6A20 /* AlertsChoisCamareOrLibrary.swift in Sources */ = {isa = PBXBuildFile; fileRef = 5BB2EC232971E94A002A6A20 /* AlertsChoisCamareOrLibrary.swift */; };
		5BB91FFE292F657800FCF34E /* DataLouder.swift in Sources */ = {isa = PBXBuildFile; fileRef = 5BB91FFD292F657800FCF34E /* DataLouder.swift */; };
		5BF24F11292B645600BEE9AB /* TabBarController.swift in Sources */ = {isa = PBXBuildFile; fileRef = 5BF24F10292B645600BEE9AB /* TabBarController.swift */; };
		5BF24F13292B663900BEE9AB /* Resources.swift in Sources */ = {isa = PBXBuildFile; fileRef = 5BF24F12292B663900BEE9AB /* Resources.swift */; };
		5BF24F16292B667900BEE9AB /* UIColor + Ext.swift in Sources */ = {isa = PBXBuildFile; fileRef = 5BF24F15292B667900BEE9AB /* UIColor + Ext.swift */; };
		5BF24F18292B6A6300BEE9AB /* NavBarController.swift in Sources */ = {isa = PBXBuildFile; fileRef = 5BF24F17292B6A6300BEE9AB /* NavBarController.swift */; };
		5BF24F1A292B6B7E00BEE9AB /* BaseController.swift in Sources */ = {isa = PBXBuildFile; fileRef = 5BF24F19292B6B7E00BEE9AB /* BaseController.swift */; };
		5BF24F1C292B701800BEE9AB /* AllDataViewController.swift in Sources */ = {isa = PBXBuildFile; fileRef = 5BF24F1B292B701800BEE9AB /* AllDataViewController.swift */; };
		5BF24F1E292B705400BEE9AB /* SettingViewController.swift in Sources */ = {isa = PBXBuildFile; fileRef = 5BF24F1D292B705400BEE9AB /* SettingViewController.swift */; };
		5BF24F20292C117900BEE9AB /* UIView + Ext.swift in Sources */ = {isa = PBXBuildFile; fileRef = 5BF24F1F292C117900BEE9AB /* UIView + Ext.swift */; };
		5BF24F23292C123100BEE9AB /* ProfitCell.swift in Sources */ = {isa = PBXBuildFile; fileRef = 5BF24F22292C123100BEE9AB /* ProfitCell.swift */; };
		5BF24F26292D0BAE00BEE9AB /* ProfitModel.swift in Sources */ = {isa = PBXBuildFile; fileRef = 5BF24F25292D0BAE00BEE9AB /* ProfitModel.swift */; };
		5BF52060292FE84800BB76B7 /* ProductModelCoreData.xcdatamodeld in Sources */ = {isa = PBXBuildFile; fileRef = 5BF5205E292FE84800BB76B7 /* ProductModelCoreData.xcdatamodeld */; };
		5BFD8AA6292A6DF4007A45A2 /* AppDelegate.swift in Sources */ = {isa = PBXBuildFile; fileRef = 5BFD8AA5292A6DF4007A45A2 /* AppDelegate.swift */; };
		5BFD8AA8292A6DF4007A45A2 /* SceneDelegate.swift in Sources */ = {isa = PBXBuildFile; fileRef = 5BFD8AA7292A6DF4007A45A2 /* SceneDelegate.swift */; };
		5BFD8AAA292A6DF4007A45A2 /* OverviewViewController.swift in Sources */ = {isa = PBXBuildFile; fileRef = 5BFD8AA9292A6DF4007A45A2 /* OverviewViewController.swift */; };
		5BFD8AAF292A6DF6007A45A2 /* Assets.xcassets in Resources */ = {isa = PBXBuildFile; fileRef = 5BFD8AAE292A6DF6007A45A2 /* Assets.xcassets */; };
		5BFD8AB2292A6DF6007A45A2 /* LaunchScreen.storyboard in Resources */ = {isa = PBXBuildFile; fileRef = 5BFD8AB0292A6DF6007A45A2 /* LaunchScreen.storyboard */; };
/* End PBXBuildFile section */

/* Begin PBXFileReference section */
		5B4A1C6C29CCAC4900EA09A4 /* Persistence.swift */ = {isa = PBXFileReference; lastKnownFileType = sourcecode.swift; path = Persistence.swift; sourceTree = "<group>"; };
		5B4A1C6E29D57E0100EA09A4 /* AlertCheckOnEmpty.swift */ = {isa = PBXFileReference; lastKnownFileType = sourcecode.swift; path = AlertCheckOnEmpty.swift; sourceTree = "<group>"; };
		5B52EEAE29374EEE00E89787 /* ViewTotalProfit.swift */ = {isa = PBXFileReference; lastKnownFileType = sourcecode.swift; path = ViewTotalProfit.swift; sourceTree = "<group>"; };
		5B52EEB02937511B00E89787 /* BaseView.swift */ = {isa = PBXFileReference; lastKnownFileType = sourcecode.swift; path = BaseView.swift; sourceTree = "<group>"; };
		5B5F51A2293F2C7F006DD6C1 /* UIButton + Ext.swift */ = {isa = PBXFileReference; lastKnownFileType = sourcecode.swift; path = "UIButton + Ext.swift"; sourceTree = "<group>"; };
		5B7F8A522975A736005A5605 /* AlertDate.swift */ = {isa = PBXFileReference; lastKnownFileType = sourcecode.swift; path = AlertDate.swift; sourceTree = "<group>"; };
		5B7F8A5B297EB876005A5605 /* ViewTotlaProffitSaveCell.swift */ = {isa = PBXFileReference; lastKnownFileType = sourcecode.swift; path = ViewTotlaProffitSaveCell.swift; sourceTree = "<group>"; };
		5B7F8A61298121EF005A5605 /* ProductEntity+CoreDataClass.swift */ = {isa = PBXFileReference; lastKnownFileType = sourcecode.swift; path = "ProductEntity+CoreDataClass.swift"; sourceTree = "<group>"; };
		5B7F8A62298121EF005A5605 /* ProductEntity+CoreDataProperties.swift */ = {isa = PBXFileReference; lastKnownFileType = sourcecode.swift; path = "ProductEntity+CoreDataProperties.swift"; sourceTree = "<group>"; };
		5B7F8A652983BF15005A5605 /* UIimage + ext.swift */ = {isa = PBXFileReference; lastKnownFileType = sourcecode.swift; path = "UIimage + ext.swift"; sourceTree = "<group>"; };
		5B7F8A682983C0BE005A5605 /* AllMonthViewController.swift */ = {isa = PBXFileReference; lastKnownFileType = sourcecode.swift; path = AllMonthViewController.swift; sourceTree = "<group>"; };
		5B7F8A6B2983C297005A5605 /* MonthTableViewCell.swift */ = {isa = PBXFileReference; lastKnownFileType = sourcecode.swift; path = MonthTableViewCell.swift; sourceTree = "<group>"; };
		5B7F8A6E2988FA07005A5605 /* ChartAndAllData.swift */ = {isa = PBXFileReference; lastKnownFileType = sourcecode.swift; path = ChartAndAllData.swift; sourceTree = "<group>"; };
		5B7F8A702999F724005A5605 /* AlertSaveNewMonth.swift */ = {isa = PBXFileReference; lastKnownFileType = sourcecode.swift; path = AlertSaveNewMonth.swift; sourceTree = "<group>"; };
		5B7F8A7229A7C9D0005A5605 /* ModelOverview+CoreDataClass.swift */ = {isa = PBXFileReference; lastKnownFileType = sourcecode.swift; path = "ModelOverview+CoreDataClass.swift"; sourceTree = "<group>"; };
		5B7F8A7329A7C9D0005A5605 /* ModelOverview+CoreDataProperties.swift */ = {isa = PBXFileReference; lastKnownFileType = sourcecode.swift; path = "ModelOverview+CoreDataProperties.swift"; sourceTree = "<group>"; };
		5B7F8A7629AA9CCF005A5605 /* CurrentDate+CoreDataClass.swift */ = {isa = PBXFileReference; lastKnownFileType = sourcecode.swift; path = "CurrentDate+CoreDataClass.swift"; sourceTree = "<group>"; };
		5B7F8A7729AA9CCF005A5605 /* CurrentDate+CoreDataProperties.swift */ = {isa = PBXFileReference; lastKnownFileType = sourcecode.swift; path = "CurrentDate+CoreDataProperties.swift"; sourceTree = "<group>"; };
		5B8BC4A129CB813B00D46EE2 /* SwiftUIView.swift */ = {isa = PBXFileReference; lastKnownFileType = sourcecode.swift; path = SwiftUIView.swift; sourceTree = "<group>"; };
		5B8E94EA292D5BAD00E0EB49 /* TableViewCell.swift */ = {isa = PBXFileReference; lastKnownFileType = sourcecode.swift; path = TableViewCell.swift; sourceTree = "<group>"; };
		5B8E94EC292E117500E0EB49 /* DetailVC.swift */ = {isa = PBXFileReference; lastKnownFileType = sourcecode.swift; path = DetailVC.swift; sourceTree = "<group>"; };
		5BB2EC232971E94A002A6A20 /* AlertsChoisCamareOrLibrary.swift */ = {isa = PBXFileReference; lastKnownFileType = sourcecode.swift; path = AlertsChoisCamareOrLibrary.swift; sourceTree = "<group>"; };
		5BB91FFD292F657800FCF34E /* DataLouder.swift */ = {isa = PBXFileReference; lastKnownFileType = sourcecode.swift; path = DataLouder.swift; sourceTree = "<group>"; };
		5BF24F10292B645600BEE9AB /* TabBarController.swift */ = {isa = PBXFileReference; lastKnownFileType = sourcecode.swift; path = TabBarController.swift; sourceTree = "<group>"; };
		5BF24F12292B663900BEE9AB /* Resources.swift */ = {isa = PBXFileReference; lastKnownFileType = sourcecode.swift; path = Resources.swift; sourceTree = "<group>"; };
		5BF24F15292B667900BEE9AB /* UIColor + Ext.swift */ = {isa = PBXFileReference; lastKnownFileType = sourcecode.swift; path = "UIColor + Ext.swift"; sourceTree = "<group>"; };
		5BF24F17292B6A6300BEE9AB /* NavBarController.swift */ = {isa = PBXFileReference; lastKnownFileType = sourcecode.swift; path = NavBarController.swift; sourceTree = "<group>"; };
		5BF24F19292B6B7E00BEE9AB /* BaseController.swift */ = {isa = PBXFileReference; lastKnownFileType = sourcecode.swift; path = BaseController.swift; sourceTree = "<group>"; };
		5BF24F1B292B701800BEE9AB /* AllDataViewController.swift */ = {isa = PBXFileReference; lastKnownFileType = sourcecode.swift; path = AllDataViewController.swift; sourceTree = "<group>"; };
		5BF24F1D292B705400BEE9AB /* SettingViewController.swift */ = {isa = PBXFileReference; lastKnownFileType = sourcecode.swift; path = SettingViewController.swift; sourceTree = "<group>"; };
		5BF24F1F292C117900BEE9AB /* UIView + Ext.swift */ = {isa = PBXFileReference; lastKnownFileType = sourcecode.swift; path = "UIView + Ext.swift"; sourceTree = "<group>"; };
		5BF24F22292C123100BEE9AB /* ProfitCell.swift */ = {isa = PBXFileReference; lastKnownFileType = sourcecode.swift; path = ProfitCell.swift; sourceTree = "<group>"; };
		5BF24F25292D0BAE00BEE9AB /* ProfitModel.swift */ = {isa = PBXFileReference; lastKnownFileType = sourcecode.swift; path = ProfitModel.swift; sourceTree = "<group>"; };
		5BF5205F292FE84800BB76B7 /* ProductModelCoreData.xcdatamodel */ = {isa = PBXFileReference; lastKnownFileType = wrapper.xcdatamodel; path = ProductModelCoreData.xcdatamodel; sourceTree = "<group>"; };
		5BFD8AA2292A6DF4007A45A2 /* Doggy business.app */ = {isa = PBXFileReference; explicitFileType = wrapper.application; includeInIndex = 0; path = "Doggy business.app"; sourceTree = BUILT_PRODUCTS_DIR; };
		5BFD8AA5292A6DF4007A45A2 /* AppDelegate.swift */ = {isa = PBXFileReference; lastKnownFileType = sourcecode.swift; path = AppDelegate.swift; sourceTree = "<group>"; };
		5BFD8AA7292A6DF4007A45A2 /* SceneDelegate.swift */ = {isa = PBXFileReference; lastKnownFileType = sourcecode.swift; path = SceneDelegate.swift; sourceTree = "<group>"; };
		5BFD8AA9292A6DF4007A45A2 /* OverviewViewController.swift */ = {isa = PBXFileReference; lastKnownFileType = sourcecode.swift; path = OverviewViewController.swift; sourceTree = "<group>"; };
		5BFD8AAE292A6DF6007A45A2 /* Assets.xcassets */ = {isa = PBXFileReference; lastKnownFileType = folder.assetcatalog; path = Assets.xcassets; sourceTree = "<group>"; };
		5BFD8AB1292A6DF6007A45A2 /* Base */ = {isa = PBXFileReference; lastKnownFileType = file.storyboard; name = Base; path = Base.lproj/LaunchScreen.storyboard; sourceTree = "<group>"; };
		5BFD8AB3292A6DF6007A45A2 /* Info.plist */ = {isa = PBXFileReference; lastKnownFileType = text.plist.xml; path = Info.plist; sourceTree = "<group>"; };
/* End PBXFileReference section */

/* Begin PBXFrameworksBuildPhase section */
		5BFD8A9F292A6DF4007A45A2 /* Frameworks */ = {
			isa = PBXFrameworksBuildPhase;
			buildActionMask = 2147483647;
			files = (
			);
			runOnlyForDeploymentPostprocessing = 0;
		};
/* End PBXFrameworksBuildPhase section */

/* Begin PBXGroup section */
		5B7F8A5A297EB83F005A5605 /* ViewTotalProfitSaveCell */ = {
			isa = PBXGroup;
			children = (
				5B52EEAE29374EEE00E89787 /* ViewTotalProfit.swift */,
				5B7F8A5B297EB876005A5605 /* ViewTotlaProffitSaveCell.swift */,
			);
			path = ViewTotalProfitSaveCell;
			sourceTree = "<group>";
		};
		5B7F8A672983C07E005A5605 /* MonthViewController */ = {
			isa = PBXGroup;
			children = (
				5B7F8A6A2983C279005A5605 /* TableViewCell */,
				5B7F8A682983C0BE005A5605 /* AllMonthViewController.swift */,
			);
			path = MonthViewController;
			sourceTree = "<group>";
		};
		5B7F8A6A2983C279005A5605 /* TableViewCell */ = {
			isa = PBXGroup;
			children = (
				5B7F8A6B2983C297005A5605 /* MonthTableViewCell.swift */,
			);
			path = TableViewCell;
			sourceTree = "<group>";
		};
		5B7F8A6D2988F9C7005A5605 /* ChartAndAllData */ = {
			isa = PBXGroup;
			children = (
				5B7F8A6E2988FA07005A5605 /* ChartAndAllData.swift */,
			);
			path = ChartAndAllData;
			sourceTree = "<group>";
		};
		5B8BC4A029CB812200D46EE2 /* SettingVCSwiftUI */ = {
			isa = PBXGroup;
			children = (
				5B8BC4A129CB813B00D46EE2 /* SwiftUIView.swift */,
				5B4A1C6C29CCAC4900EA09A4 /* Persistence.swift */,
			);
			path = SettingVCSwiftUI;
			sourceTree = "<group>";
		};
		5B8E94E9292D5B8C00E0EB49 /* TableViewCell */ = {
			isa = PBXGroup;
			children = (
				5B8E94EA292D5BAD00E0EB49 /* TableViewCell.swift */,
			);
			path = TableViewCell;
			sourceTree = "<group>";
		};
		5BB2EC222971E918002A6A20 /* Alerts */ = {
			isa = PBXGroup;
			children = (
				5BB2EC232971E94A002A6A20 /* AlertsChoisCamareOrLibrary.swift */,
				5B7F8A522975A736005A5605 /* AlertDate.swift */,
				5B7F8A702999F724005A5605 /* AlertSaveNewMonth.swift */,
				5B4A1C6E29D57E0100EA09A4 /* AlertCheckOnEmpty.swift */,
			);
			path = Alerts;
			sourceTree = "<group>";
		};
		5BB91FFC292F655900FCF34E /* DataFlow */ = {
			isa = PBXGroup;
			children = (
				5B7F8A7629AA9CCF005A5605 /* CurrentDate+CoreDataClass.swift */,
				5B7F8A7729AA9CCF005A5605 /* CurrentDate+CoreDataProperties.swift */,
				5B7F8A7229A7C9D0005A5605 /* ModelOverview+CoreDataClass.swift */,
				5B7F8A7329A7C9D0005A5605 /* ModelOverview+CoreDataProperties.swift */,
				5B7F8A61298121EF005A5605 /* ProductEntity+CoreDataClass.swift */,
				5B7F8A62298121EF005A5605 /* ProductEntity+CoreDataProperties.swift */,
				5BB91FFD292F657800FCF34E /* DataLouder.swift */,
			);
			path = DataFlow;
			sourceTree = "<group>";
		};
		5BF24F08292AA4CF00BEE9AB /* Resources */ = {
			isa = PBXGroup;
			children = (
				5BFD8AB3292A6DF6007A45A2 /* Info.plist */,
				5BF24F12292B663900BEE9AB /* Resources.swift */,
				5BF5205E292FE84800BB76B7 /* ProductModelCoreData.xcdatamodeld */,
			);
			path = Resources;
			sourceTree = "<group>";
		};
		5BF24F09292AA53400BEE9AB /* RTViewControllers */ = {
			isa = PBXGroup;
			children = (
				5BF24F19292B6B7E00BEE9AB /* BaseController.swift */,
				5B52EEB02937511B00E89787 /* BaseView.swift */,
				5BF24F0A292AA60200BEE9AB /* OverviewViewController */,
				5BF24F0B292AA60E00BEE9AB /* TableViewController */,
				5B7F8A672983C07E005A5605 /* MonthViewController */,
				5BF24F0C292AA63700BEE9AB /* UserViewController */,
			);
			path = RTViewControllers;
			sourceTree = "<group>";
		};
		5BF24F0A292AA60200BEE9AB /* OverviewViewController */ = {
			isa = PBXGroup;
			children = (
				5B7F8A6D2988F9C7005A5605 /* ChartAndAllData */,
				5BF24F21292C11FF00BEE9AB /* View */,
				5BFD8AA9292A6DF4007A45A2 /* OverviewViewController.swift */,
				5B8E94EC292E117500E0EB49 /* DetailVC.swift */,
			);
			path = OverviewViewController;
			sourceTree = "<group>";
		};
		5BF24F0B292AA60E00BEE9AB /* TableViewController */ = {
			isa = PBXGroup;
			children = (
				5B8E94E9292D5B8C00E0EB49 /* TableViewCell */,
				5BF24F1B292B701800BEE9AB /* AllDataViewController.swift */,
			);
			path = TableViewController;
			sourceTree = "<group>";
		};
		5BF24F0C292AA63700BEE9AB /* UserViewController */ = {
			isa = PBXGroup;
			children = (
				5BF24F1D292B705400BEE9AB /* SettingViewController.swift */,
			);
			path = UserViewController;
			sourceTree = "<group>";
		};
		5BF24F0D292B63C300BEE9AB /* Application */ = {
			isa = PBXGroup;
			children = (
				5BFD8AA5292A6DF4007A45A2 /* AppDelegate.swift */,
				5BFD8AA7292A6DF4007A45A2 /* SceneDelegate.swift */,
			);
			path = Application;
			sourceTree = "<group>";
		};
		5BF24F0E292B63D900BEE9AB /* SupportingFiles */ = {
			isa = PBXGroup;
			children = (
				5BFD8AAE292A6DF6007A45A2 /* Assets.xcassets */,
				5BFD8AB0292A6DF6007A45A2 /* LaunchScreen.storyboard */,
			);
			path = SupportingFiles;
			sourceTree = "<group>";
		};
		5BF24F0F292B643F00BEE9AB /* TabBar */ = {
			isa = PBXGroup;
			children = (
				5BF24F10292B645600BEE9AB /* TabBarController.swift */,
				5BF24F17292B6A6300BEE9AB /* NavBarController.swift */,
			);
			path = TabBar;
			sourceTree = "<group>";
		};
		5BF24F14292B665700BEE9AB /* Extansion */ = {
			isa = PBXGroup;
			children = (
				5BF24F15292B667900BEE9AB /* UIColor + Ext.swift */,
				5BF24F1F292C117900BEE9AB /* UIView + Ext.swift */,
				5B5F51A2293F2C7F006DD6C1 /* UIButton + Ext.swift */,
				5B7F8A652983BF15005A5605 /* UIimage + ext.swift */,
			);
			path = Extansion;
			sourceTree = "<group>";
		};
		5BF24F21292C11FF00BEE9AB /* View */ = {
			isa = PBXGroup;
			children = (
				5B7F8A5A297EB83F005A5605 /* ViewTotalProfitSaveCell */,
				5BF24F22292C123100BEE9AB /* ProfitCell.swift */,
			);
			path = View;
			sourceTree = "<group>";
		};
		5BF24F24292D0B9700BEE9AB /* Model */ = {
			isa = PBXGroup;
			children = (
				5BB2EC222971E918002A6A20 /* Alerts */,
				5BF24F25292D0BAE00BEE9AB /* ProfitModel.swift */,
			);
			path = Model;
			sourceTree = "<group>";
		};
		5BFD8A99292A6DF4007A45A2 = {
			isa = PBXGroup;
			children = (
				5BFD8AA4292A6DF4007A45A2 /* RetailTradeApp */,
				5BFD8AA3292A6DF4007A45A2 /* Products */,
			);
			sourceTree = "<group>";
		};
		5BFD8AA3292A6DF4007A45A2 /* Products */ = {
			isa = PBXGroup;
			children = (
				5BFD8AA2292A6DF4007A45A2 /* Doggy business.app */,
			);
			name = Products;
			sourceTree = "<group>";
		};
		5BFD8AA4292A6DF4007A45A2 /* RetailTradeApp */ = {
			isa = PBXGroup;
			children = (
				5BF24F0D292B63C300BEE9AB /* Application */,
				5BB91FFC292F655900FCF34E /* DataFlow */,
				5BF24F0E292B63D900BEE9AB /* SupportingFiles */,
				5BF24F0F292B643F00BEE9AB /* TabBar */,
				5BF24F14292B665700BEE9AB /* Extansion */,
				5BF24F09292AA53400BEE9AB /* RTViewControllers */,
				5B8BC4A029CB812200D46EE2 /* SettingVCSwiftUI */,
				5BF24F24292D0B9700BEE9AB /* Model */,
				5BF24F08292AA4CF00BEE9AB /* Resources */,
			);
			path = RetailTradeApp;
			sourceTree = "<group>";
		};
/* End PBXGroup section */

/* Begin PBXNativeTarget section */
		5BFD8AA1292A6DF4007A45A2 /* RetailTradeApp */ = {
			isa = PBXNativeTarget;
			buildConfigurationList = 5BFD8AB6292A6DF6007A45A2 /* Build configuration list for PBXNativeTarget "RetailTradeApp" */;
			buildPhases = (
				5BFD8A9E292A6DF4007A45A2 /* Sources */,
				5BFD8A9F292A6DF4007A45A2 /* Frameworks */,
				5BFD8AA0292A6DF4007A45A2 /* Resources */,
			);
			buildRules = (
			);
			dependencies = (
			);
			name = RetailTradeApp;
			productName = RetailTradeApp;
			productReference = 5BFD8AA2292A6DF4007A45A2 /* Doggy business.app */;
			productType = "com.apple.product-type.application";
		};
/* End PBXNativeTarget section */

/* Begin PBXProject section */
		5BFD8A9A292A6DF4007A45A2 /* Project object */ = {
			isa = PBXProject;
			attributes = {
				BuildIndependentTargetsInParallel = 1;
				LastSwiftUpdateCheck = 1410;
				LastUpgradeCheck = 1410;
				TargetAttributes = {
					5BFD8AA1292A6DF4007A45A2 = {
						CreatedOnToolsVersion = 14.1;
					};
				};
			};
			buildConfigurationList = 5BFD8A9D292A6DF4007A45A2 /* Build configuration list for PBXProject "RetailTradeApp" */;
			compatibilityVersion = "Xcode 14.0";
			developmentRegion = en;
			hasScannedForEncodings = 0;
			knownRegions = (
				en,
				Base,
			);
			mainGroup = 5BFD8A99292A6DF4007A45A2;
			productRefGroup = 5BFD8AA3292A6DF4007A45A2 /* Products */;
			projectDirPath = "";
			projectRoot = "";
			targets = (
				5BFD8AA1292A6DF4007A45A2 /* RetailTradeApp */,
			);
		};
/* End PBXProject section */

/* Begin PBXResourcesBuildPhase section */
		5BFD8AA0292A6DF4007A45A2 /* Resources */ = {
			isa = PBXResourcesBuildPhase;
			buildActionMask = 2147483647;
			files = (
				5BFD8AB2292A6DF6007A45A2 /* LaunchScreen.storyboard in Resources */,
				5BFD8AAF292A6DF6007A45A2 /* Assets.xcassets in Resources */,
			);
			runOnlyForDeploymentPostprocessing = 0;
		};
/* End PBXResourcesBuildPhase section */

/* Begin PBXSourcesBuildPhase section */
		5BFD8A9E292A6DF4007A45A2 /* Sources */ = {
			isa = PBXSourcesBuildPhase;
			buildActionMask = 2147483647;
			files = (
				5BB2EC242971E94A002A6A20 /* AlertsChoisCamareOrLibrary.swift in Sources */,
				5BB91FFE292F657800FCF34E /* DataLouder.swift in Sources */,
				5B5F51A3293F2C7F006DD6C1 /* UIButton + Ext.swift in Sources */,
				5B4A1C6F29D57E0100EA09A4 /* AlertCheckOnEmpty.swift in Sources */,
				5B7F8A692983C0BE005A5605 /* AllMonthViewController.swift in Sources */,
				5B7F8A7529A7C9D0005A5605 /* ModelOverview+CoreDataProperties.swift in Sources */,
				5BFD8AAA292A6DF4007A45A2 /* OverviewViewController.swift in Sources */,
				5BF24F16292B667900BEE9AB /* UIColor + Ext.swift in Sources */,
				5BF24F23292C123100BEE9AB /* ProfitCell.swift in Sources */,
				5BF24F11292B645600BEE9AB /* TabBarController.swift in Sources */,
				5B7F8A712999F724005A5605 /* AlertSaveNewMonth.swift in Sources */,
				5B7F8A7829AA9CCF005A5605 /* CurrentDate+CoreDataClass.swift in Sources */,
				5BF24F26292D0BAE00BEE9AB /* ProfitModel.swift in Sources */,
				5B8E94ED292E117500E0EB49 /* DetailVC.swift in Sources */,
				5B7F8A7929AA9CCF005A5605 /* CurrentDate+CoreDataProperties.swift in Sources */,
				5B8E94EB292D5BAD00E0EB49 /* TableViewCell.swift in Sources */,
				5B7F8A662983BF15005A5605 /* UIimage + ext.swift in Sources */,
				5BF52060292FE84800BB76B7 /* ProductModelCoreData.xcdatamodeld in Sources */,
				5BF24F20292C117900BEE9AB /* UIView + Ext.swift in Sources */,
				5BF24F1C292B701800BEE9AB /* AllDataViewController.swift in Sources */,
				5B7F8A6F2988FA07005A5605 /* ChartAndAllData.swift in Sources */,
				5B7F8A6C2983C297005A5605 /* MonthTableViewCell.swift in Sources */,
				5B52EEAF29374EEE00E89787 /* ViewTotalProfit.swift in Sources */,
				5BF24F18292B6A6300BEE9AB /* NavBarController.swift in Sources */,
				5B7F8A532975A736005A5605 /* AlertDate.swift in Sources */,
				5B7F8A63298121EF005A5605 /* ProductEntity+CoreDataClass.swift in Sources */,
				5BF24F1E292B705400BEE9AB /* SettingViewController.swift in Sources */,
				5B7F8A64298121EF005A5605 /* ProductEntity+CoreDataProperties.swift in Sources */,
				5BFD8AA6292A6DF4007A45A2 /* AppDelegate.swift in Sources */,
				5BF24F1A292B6B7E00BEE9AB /* BaseController.swift in Sources */,
				5B8BC4A229CB813B00D46EE2 /* SwiftUIView.swift in Sources */,
				5B52EEB12937511B00E89787 /* BaseView.swift in Sources */,
				5B4A1C6D29CCAC4900EA09A4 /* Persistence.swift in Sources */,
				5BF24F13292B663900BEE9AB /* Resources.swift in Sources */,
				5B7F8A5C297EB876005A5605 /* ViewTotlaProffitSaveCell.swift in Sources */,
				5BFD8AA8292A6DF4007A45A2 /* SceneDelegate.swift in Sources */,
				5B7F8A7429A7C9D0005A5605 /* ModelOverview+CoreDataClass.swift in Sources */,
			);
			runOnlyForDeploymentPostprocessing = 0;
		};
/* End PBXSourcesBuildPhase section */

/* Begin PBXVariantGroup section */
		5BFD8AB0292A6DF6007A45A2 /* LaunchScreen.storyboard */ = {
			isa = PBXVariantGroup;
			children = (
				5BFD8AB1292A6DF6007A45A2 /* Base */,
			);
			name = LaunchScreen.storyboard;
			sourceTree = "<group>";
		};
/* End PBXVariantGroup section */

/* Begin XCBuildConfiguration section */
		5BFD8AB4292A6DF6007A45A2 /* Debug */ = {
			isa = XCBuildConfiguration;
			buildSettings = {
				ALWAYS_SEARCH_USER_PATHS = NO;
				CLANG_ANALYZER_NONNULL = YES;
				CLANG_ANALYZER_NUMBER_OBJECT_CONVERSION = YES_AGGRESSIVE;
				CLANG_CXX_LANGUAGE_STANDARD = "gnu++20";
				CLANG_ENABLE_MODULES = YES;
				CLANG_ENABLE_OBJC_ARC = YES;
				CLANG_ENABLE_OBJC_WEAK = YES;
				CLANG_WARN_BLOCK_CAPTURE_AUTORELEASING = YES;
				CLANG_WARN_BOOL_CONVERSION = YES;
				CLANG_WARN_COMMA = YES;
				CLANG_WARN_CONSTANT_CONVERSION = YES;
				CLANG_WARN_DEPRECATED_OBJC_IMPLEMENTATIONS = YES;
				CLANG_WARN_DIRECT_OBJC_ISA_USAGE = YES_ERROR;
				CLANG_WARN_DOCUMENTATION_COMMENTS = YES;
				CLANG_WARN_EMPTY_BODY = YES;
				CLANG_WARN_ENUM_CONVERSION = YES;
				CLANG_WARN_INFINITE_RECURSION = YES;
				CLANG_WARN_INT_CONVERSION = YES;
				CLANG_WARN_NON_LITERAL_NULL_CONVERSION = YES;
				CLANG_WARN_OBJC_IMPLICIT_RETAIN_SELF = YES;
				CLANG_WARN_OBJC_LITERAL_CONVERSION = YES;
				CLANG_WARN_OBJC_ROOT_CLASS = YES_ERROR;
				CLANG_WARN_QUOTED_INCLUDE_IN_FRAMEWORK_HEADER = YES;
				CLANG_WARN_RANGE_LOOP_ANALYSIS = YES;
				CLANG_WARN_STRICT_PROTOTYPES = YES;
				CLANG_WARN_SUSPICIOUS_MOVE = YES;
				CLANG_WARN_UNGUARDED_AVAILABILITY = YES_AGGRESSIVE;
				CLANG_WARN_UNREACHABLE_CODE = YES;
				CLANG_WARN__DUPLICATE_METHOD_MATCH = YES;
				COPY_PHASE_STRIP = NO;
				DEBUG_INFORMATION_FORMAT = dwarf;
				ENABLE_STRICT_OBJC_MSGSEND = YES;
				ENABLE_TESTABILITY = YES;
				GCC_C_LANGUAGE_STANDARD = gnu11;
				GCC_DYNAMIC_NO_PIC = NO;
				GCC_NO_COMMON_BLOCKS = YES;
				GCC_OPTIMIZATION_LEVEL = 0;
				GCC_PREPROCESSOR_DEFINITIONS = (
					"DEBUG=1",
					"$(inherited)",
				);
				GCC_WARN_64_TO_32_BIT_CONVERSION = YES;
				GCC_WARN_ABOUT_RETURN_TYPE = YES_ERROR;
				GCC_WARN_UNDECLARED_SELECTOR = YES;
				GCC_WARN_UNINITIALIZED_AUTOS = YES_AGGRESSIVE;
				GCC_WARN_UNUSED_FUNCTION = YES;
				GCC_WARN_UNUSED_VARIABLE = YES;
				INFOPLIST_KEY_NSCameraUsageDescription = "Please gime me camera";
				INFOPLIST_KEY_NSPhotoLibraryUsageDescription = "Plaese alow access";
				IPHONEOS_DEPLOYMENT_TARGET = 16.1;
				MTL_ENABLE_DEBUG_INFO = INCLUDE_SOURCE;
				MTL_FAST_MATH = YES;
				ONLY_ACTIVE_ARCH = YES;
				SDKROOT = iphoneos;
				SWIFT_ACTIVE_COMPILATION_CONDITIONS = DEBUG;
				SWIFT_OPTIMIZATION_LEVEL = "-Onone";
			};
			name = Debug;
		};
		5BFD8AB5292A6DF6007A45A2 /* Release */ = {
			isa = XCBuildConfiguration;
			buildSettings = {
				ALWAYS_SEARCH_USER_PATHS = NO;
				CLANG_ANALYZER_NONNULL = YES;
				CLANG_ANALYZER_NUMBER_OBJECT_CONVERSION = YES_AGGRESSIVE;
				CLANG_CXX_LANGUAGE_STANDARD = "gnu++20";
				CLANG_ENABLE_MODULES = YES;
				CLANG_ENABLE_OBJC_ARC = YES;
				CLANG_ENABLE_OBJC_WEAK = YES;
				CLANG_WARN_BLOCK_CAPTURE_AUTORELEASING = YES;
				CLANG_WARN_BOOL_CONVERSION = YES;
				CLANG_WARN_COMMA = YES;
				CLANG_WARN_CONSTANT_CONVERSION = YES;
				CLANG_WARN_DEPRECATED_OBJC_IMPLEMENTATIONS = YES;
				CLANG_WARN_DIRECT_OBJC_ISA_USAGE = YES_ERROR;
				CLANG_WARN_DOCUMENTATION_COMMENTS = YES;
				CLANG_WARN_EMPTY_BODY = YES;
				CLANG_WARN_ENUM_CONVERSION = YES;
				CLANG_WARN_INFINITE_RECURSION = YES;
				CLANG_WARN_INT_CONVERSION = YES;
				CLANG_WARN_NON_LITERAL_NULL_CONVERSION = YES;
				CLANG_WARN_OBJC_IMPLICIT_RETAIN_SELF = YES;
				CLANG_WARN_OBJC_LITERAL_CONVERSION = YES;
				CLANG_WARN_OBJC_ROOT_CLASS = YES_ERROR;
				CLANG_WARN_QUOTED_INCLUDE_IN_FRAMEWORK_HEADER = YES;
				CLANG_WARN_RANGE_LOOP_ANALYSIS = YES;
				CLANG_WARN_STRICT_PROTOTYPES = YES;
				CLANG_WARN_SUSPICIOUS_MOVE = YES;
				CLANG_WARN_UNGUARDED_AVAILABILITY = YES_AGGRESSIVE;
				CLANG_WARN_UNREACHABLE_CODE = YES;
				CLANG_WARN__DUPLICATE_METHOD_MATCH = YES;
				COPY_PHASE_STRIP = NO;
				DEBUG_INFORMATION_FORMAT = "dwarf-with-dsym";
				ENABLE_NS_ASSERTIONS = NO;
				ENABLE_STRICT_OBJC_MSGSEND = YES;
				GCC_C_LANGUAGE_STANDARD = gnu11;
				GCC_NO_COMMON_BLOCKS = YES;
				GCC_WARN_64_TO_32_BIT_CONVERSION = YES;
				GCC_WARN_ABOUT_RETURN_TYPE = YES_ERROR;
				GCC_WARN_UNDECLARED_SELECTOR = YES;
				GCC_WARN_UNINITIALIZED_AUTOS = YES_AGGRESSIVE;
				GCC_WARN_UNUSED_FUNCTION = YES;
				GCC_WARN_UNUSED_VARIABLE = YES;
				INFOPLIST_KEY_NSCameraUsageDescription = "Please gime me camera";
				INFOPLIST_KEY_NSPhotoLibraryUsageDescription = "Plaese alow access";
				IPHONEOS_DEPLOYMENT_TARGET = 16.1;
				MTL_ENABLE_DEBUG_INFO = NO;
				MTL_FAST_MATH = YES;
				SDKROOT = iphoneos;
				SWIFT_COMPILATION_MODE = wholemodule;
				SWIFT_OPTIMIZATION_LEVEL = "-O";
				VALIDATE_PRODUCT = YES;
			};
			name = Release;
		};
		5BFD8AB7292A6DF6007A45A2 /* Debug */ = {
			isa = XCBuildConfiguration;
			buildSettings = {
				ASSETCATALOG_COMPILER_APPICON_NAME = AppIcon;
				ASSETCATALOG_COMPILER_GLOBAL_ACCENT_COLOR_NAME = AccentColor;
				ASSETCATALOG_COMPILER_INCLUDE_ALL_APPICON_ASSETS = YES;
				CODE_SIGN_STYLE = Automatic;
				CURRENT_PROJECT_VERSION = 1;
				DEVELOPMENT_TEAM = R7B2Y45548;
				GENERATE_INFOPLIST_FILE = YES;
				INFOPLIST_FILE = RetailTradeApp/Resources/Info.plist;
				INFOPLIST_KEY_UIApplicationSupportsIndirectInputEvents = YES;
				INFOPLIST_KEY_UILaunchStoryboardName = LaunchScreen;
				INFOPLIST_KEY_UISupportedInterfaceOrientations = UIInterfaceOrientationPortrait;
				INFOPLIST_KEY_UISupportedInterfaceOrientations_iPad = "UIInterfaceOrientationLandscapeLeft UIInterfaceOrientationLandscapeRight UIInterfaceOrientationPortrait UIInterfaceOrientationPortraitUpsideDown";
				LD_RUNPATH_SEARCH_PATHS = (
					"$(inherited)",
					"@executable_path/Frameworks",
				);
				MARKETING_VERSION = 1.0;
				PRODUCT_BUNDLE_IDENTIFIER = one.RetailTradeApp;
				PRODUCT_NAME = "Doggy business";
				SUPPORTED_PLATFORMS = "iphoneos iphonesimulator";
				SUPPORTS_MACCATALYST = NO;
				SUPPORTS_MAC_DESIGNED_FOR_IPHONE_IPAD = NO;
				SWIFT_EMIT_LOC_STRINGS = YES;
				SWIFT_VERSION = 5.0;
				TARGETED_DEVICE_FAMILY = 1;
			};
			name = Debug;
		};
		5BFD8AB8292A6DF6007A45A2 /* Release */ = {
			isa = XCBuildConfiguration;
			buildSettings = {
				ASSETCATALOG_COMPILER_APPICON_NAME = AppIcon;
				ASSETCATALOG_COMPILER_GLOBAL_ACCENT_COLOR_NAME = AccentColor;
				ASSETCATALOG_COMPILER_INCLUDE_ALL_APPICON_ASSETS = YES;
				CODE_SIGN_STYLE = Automatic;
				CURRENT_PROJECT_VERSION = 1;
				DEVELOPMENT_TEAM = R7B2Y45548;
				GENERATE_INFOPLIST_FILE = YES;
				INFOPLIST_FILE = RetailTradeApp/Resources/Info.plist;
				INFOPLIST_KEY_UIApplicationSupportsIndirectInputEvents = YES;
				INFOPLIST_KEY_UILaunchStoryboardName = LaunchScreen;
				INFOPLIST_KEY_UISupportedInterfaceOrientations = UIInterfaceOrientationPortrait;
				INFOPLIST_KEY_UISupportedInterfaceOrientations_iPad = "UIInterfaceOrientationLandscapeLeft UIInterfaceOrientationLandscapeRight UIInterfaceOrientationPortrait UIInterfaceOrientationPortraitUpsideDown";
				LD_RUNPATH_SEARCH_PATHS = (
					"$(inherited)",
					"@executable_path/Frameworks",
				);
				MARKETING_VERSION = 1.0;
				PRODUCT_BUNDLE_IDENTIFIER = one.RetailTradeApp;
				PRODUCT_NAME = "Doggy business";
				SUPPORTED_PLATFORMS = "iphoneos iphonesimulator";
				SUPPORTS_MACCATALYST = NO;
				SUPPORTS_MAC_DESIGNED_FOR_IPHONE_IPAD = NO;
				SWIFT_EMIT_LOC_STRINGS = YES;
				SWIFT_VERSION = 5.0;
				TARGETED_DEVICE_FAMILY = 1;
			};
			name = Release;
		};
/* End XCBuildConfiguration section */

/* Begin XCConfigurationList section */
		5BFD8A9D292A6DF4007A45A2 /* Build configuration list for PBXProject "RetailTradeApp" */ = {
			isa = XCConfigurationList;
			buildConfigurations = (
				5BFD8AB4292A6DF6007A45A2 /* Debug */,
				5BFD8AB5292A6DF6007A45A2 /* Release */,
			);
			defaultConfigurationIsVisible = 0;
			defaultConfigurationName = Release;
		};
		5BFD8AB6292A6DF6007A45A2 /* Build configuration list for PBXNativeTarget "RetailTradeApp" */ = {
			isa = XCConfigurationList;
			buildConfigurations = (
				5BFD8AB7292A6DF6007A45A2 /* Debug */,
				5BFD8AB8292A6DF6007A45A2 /* Release */,
			);
			defaultConfigurationIsVisible = 0;
			defaultConfigurationName = Release;
		};
/* End XCConfigurationList section */

/* Begin XCVersionGroup section */
		5BF5205E292FE84800BB76B7 /* ProductModelCoreData.xcdatamodeld */ = {
			isa = XCVersionGroup;
			children = (
				5BF5205F292FE84800BB76B7 /* ProductModelCoreData.xcdatamodel */,
			);
			currentVersion = 5BF5205F292FE84800BB76B7 /* ProductModelCoreData.xcdatamodel */;
			path = ProductModelCoreData.xcdatamodeld;
			sourceTree = "<group>";
			versionGroupType = wrapper.xcdatamodel;
		};
/* End XCVersionGroup section */
	};
	rootObject = 5BFD8A9A292A6DF4007A45A2 /* Project object */;
}
